// !$*UTF8*$!
{
	archiveVersion = 1;
	classes = {
	};
	objectVersion = 46;
	objects = {

/* Begin PBXBuildFile section */
		97518E751E9FE28700BF0EA4 /* AppDelegate.swift in Sources */ = {isa = PBXBuildFile; fileRef = 97518E741E9FE28700BF0EA4 /* AppDelegate.swift */; };
		97518E771E9FE28700BF0EA4 /* ViewController.swift in Sources */ = {isa = PBXBuildFile; fileRef = 97518E761E9FE28700BF0EA4 /* ViewController.swift */; };
		97518E7A1E9FE28700BF0EA4 /* Main.storyboard in Resources */ = {isa = PBXBuildFile; fileRef = 97518E781E9FE28700BF0EA4 /* Main.storyboard */; };
		97518E7C1E9FE28700BF0EA4 /* Assets.xcassets in Resources */ = {isa = PBXBuildFile; fileRef = 97518E7B1E9FE28700BF0EA4 /* Assets.xcassets */; };
		97518E7F1E9FE28700BF0EA4 /* LaunchScreen.storyboard in Resources */ = {isa = PBXBuildFile; fileRef = 97518E7D1E9FE28700BF0EA4 /* LaunchScreen.storyboard */; };
		97518E891E9FE4E300BF0EA4 /* Park.swift in Sources */ = {isa = PBXBuildFile; fileRef = 97518E881E9FE4E300BF0EA4 /* Park.swift */; };
		97518E8C1E9FECEF00BF0EA4 /* Parks.swift in Sources */ = {isa = PBXBuildFile; fileRef = 97518E8B1E9FECEF00BF0EA4 /* Parks.swift */; };
		97518E911E9FEE4500BF0EA4 /* data.plist in Resources */ = {isa = PBXBuildFile; fileRef = 97518E901E9FEE4500BF0EA4 /* data.plist */; };
/* End PBXBuildFile section */

/* Begin PBXFileReference section */
		97518E711E9FE28700BF0EA4 /* NPF-3.app */ = {isa = PBXFileReference; explicitFileType = wrapper.application; includeInIndex = 0; path = "NPF-3.app"; sourceTree = BUILT_PRODUCTS_DIR; };
		97518E741E9FE28700BF0EA4 /* AppDelegate.swift */ = {isa = PBXFileReference; lastKnownFileType = sourcecode.swift; path = AppDelegate.swift; sourceTree = "<group>"; };
		97518E761E9FE28700BF0EA4 /* ViewController.swift */ = {isa = PBXFileReference; lastKnownFileType = sourcecode.swift; path = ViewController.swift; sourceTree = "<group>"; };
		97518E791E9FE28700BF0EA4 /* Base */ = {isa = PBXFileReference; lastKnownFileType = file.storyboard; name = Base; path = Base.lproj/Main.storyboard; sourceTree = "<group>"; };
		97518E7B1E9FE28700BF0EA4 /* Assets.xcassets */ = {isa = PBXFileReference; lastKnownFileType = folder.assetcatalog; path = Assets.xcassets; sourceTree = "<group>"; };
		97518E7E1E9FE28700BF0EA4 /* Base */ = {isa = PBXFileReference; lastKnownFileType = file.storyboard; name = Base; path = Base.lproj/LaunchScreen.storyboard; sourceTree = "<group>"; };
		97518E801E9FE28700BF0EA4 /* Info.plist */ = {isa = PBXFileReference; lastKnownFileType = text.plist.xml; path = Info.plist; sourceTree = "<group>"; };
		97518E881E9FE4E300BF0EA4 /* Park.swift */ = {isa = PBXFileReference; fileEncoding = 4; lastKnownFileType = sourcecode.swift; path = Park.swift; sourceTree = "<group>"; };
		97518E8B1E9FECEF00BF0EA4 /* Parks.swift */ = {isa = PBXFileReference; fileEncoding = 4; lastKnownFileType = sourcecode.swift; path = Parks.swift; sourceTree = "<group>"; };
		97518E901E9FEE4500BF0EA4 /* data.plist */ = {isa = PBXFileReference; fileEncoding = 4; lastKnownFileType = text.plist.xml; path = data.plist; sourceTree = "<group>"; };
/* End PBXFileReference section */

/* Begin PBXFrameworksBuildPhase section */
		97518E6E1E9FE28700BF0EA4 /* Frameworks */ = {
			isa = PBXFrameworksBuildPhase;
			buildActionMask = 2147483647;
			files = (
			);
			runOnlyForDeploymentPostprocessing = 0;
		};
/* End PBXFrameworksBuildPhase section */

/* Begin PBXGroup section */
		97518E681E9FE28700BF0EA4 = {
			isa = PBXGroup;
			children = (
				97518E731E9FE28700BF0EA4 /* NPF-3 */,
				97518E721E9FE28700BF0EA4 /* Products */,
			);
			sourceTree = "<group>";
		};
		97518E721E9FE28700BF0EA4 /* Products */ = {
			isa = PBXGroup;
			children = (
				97518E711E9FE28700BF0EA4 /* NPF-3.app */,
			);
			name = Products;
			sourceTree = "<group>";
		};
		97518E731E9FE28700BF0EA4 /* NPF-3 */ = {
			isa = PBXGroup;
			children = (
				97518E8D1E9FEDA000BF0EA4 /* Resources */,
				97518E8A1E9FECD100BF0EA4 /* Model */,
				97518E881E9FE4E300BF0EA4 /* Park.swift */,
				97518E741E9FE28700BF0EA4 /* AppDelegate.swift */,
				97518E761E9FE28700BF0EA4 /* ViewController.swift */,
				97518E781E9FE28700BF0EA4 /* Main.storyboard */,
				97518E7B1E9FE28700BF0EA4 /* Assets.xcassets */,
				97518E7D1E9FE28700BF0EA4 /* LaunchScreen.storyboard */,
				97518E801E9FE28700BF0EA4 /* Info.plist */,
			);
			path = "NPF-3";
			sourceTree = "<group>";
		};
		97518E8A1E9FECD100BF0EA4 /* Model */ = {
			isa = PBXGroup;
			children = (
				97518E8B1E9FECEF00BF0EA4 /* Parks.swift */,
			);
			name = Model;
			sourceTree = "<group>";
		};
		97518E8D1E9FEDA000BF0EA4 /* Resources */ = {
			isa = PBXGroup;
			children = (
				97518E901E9FEE4500BF0EA4 /* data.plist */,
			);
			name = Resources;
			sourceTree = "<group>";
		};
/* End PBXGroup section */

/* Begin PBXNativeTarget section */
		97518E701E9FE28700BF0EA4 /* NPF-3 */ = {
			isa = PBXNativeTarget;
			buildConfigurationList = 97518E831E9FE28700BF0EA4 /* Build configuration list for PBXNativeTarget "NPF-3" */;
			buildPhases = (
				97518E6D1E9FE28700BF0EA4 /* Sources */,
				97518E6E1E9FE28700BF0EA4 /* Frameworks */,
				97518E6F1E9FE28700BF0EA4 /* Resources */,
			);
			buildRules = (
			);
			dependencies = (
			);
			name = "NPF-3";
			productName = "NPF-3";
			productReference = 97518E711E9FE28700BF0EA4 /* NPF-3.app */;
			productType = "com.apple.product-type.application";
		};
/* End PBXNativeTarget section */

/* Begin PBXProject section */
		97518E691E9FE28700BF0EA4 /* Project object */ = {
			isa = PBXProject;
			attributes = {
				LastSwiftUpdateCheck = 0830;
				LastUpgradeCheck = 0830;
				ORGANIZATIONNAME = "Payal Kothari";
				TargetAttributes = {
					97518E701E9FE28700BF0EA4 = {
						CreatedOnToolsVersion = 8.3.1;
						ProvisioningStyle = Automatic;
					};
				};
			};
			buildConfigurationList = 97518E6C1E9FE28700BF0EA4 /* Build configuration list for PBXProject "NPF-3" */;
			compatibilityVersion = "Xcode 3.2";
			developmentRegion = English;
			hasScannedForEncodings = 0;
			knownRegions = (
				en,
				Base,
			);
			mainGroup = 97518E681E9FE28700BF0EA4;
			productRefGroup = 97518E721E9FE28700BF0EA4 /* Products */;
			projectDirPath = "";
			projectRoot = "";
			targets = (
				97518E701E9FE28700BF0EA4 /* NPF-3 */,
			);
		};
/* End PBXProject section */

/* Begin PBXResourcesBuildPhase section */
		97518E6F1E9FE28700BF0EA4 /* Resources */ = {
			isa = PBXResourcesBuildPhase;
			buildActionMask = 2147483647;
			files = (
				97518E7F1E9FE28700BF0EA4 /* LaunchScreen.storyboard in Resources */,
				97518E7C1E9FE28700BF0EA4 /* Assets.xcassets in Resources */,
				97518E911E9FEE4500BF0EA4 /* data.plist in Resources */,
				97518E7A1E9FE28700BF0EA4 /* Main.storyboard in Resources */,
			);
			runOnlyForDeploymentPostprocessing = 0;
		};
/* End PBXResourcesBuildPhase section */

/* Begin PBXSourcesBuildPhase section */
		97518E6D1E9FE28700BF0EA4 /* Sources */ = {
			isa = PBXSourcesBuildPhase;
			buildActionMask = 2147483647;
			files = (
				97518E771E9FE28700BF0EA4 /* ViewController.swift in Sources */,
				97518E891E9FE4E300BF0EA4 /* Park.swift in Sources */,
				97518E751E9FE28700BF0EA4 /* AppDelegate.swift in Sources */,
				97518E8C1E9FECEF00BF0EA4 /* Parks.swift in Sources */,
			);
			runOnlyForDeploymentPostprocessing = 0;
		};
/* End PBXSourcesBuildPhase section */

/* Begin PBXVariantGroup section */
		97518E781E9FE28700BF0EA4 /* Main.storyboard */ = {
			isa = PBXVariantGroup;
			children = (
				97518E791E9FE28700BF0EA4 /* Base */,
			);
			name = Main.storyboard;
			sourceTree = "<group>";
		};
		97518E7D1E9FE28700BF0EA4 /* LaunchScreen.storyboard */ = {
			isa = PBXVariantGroup;
			children = (
				97518E7E1E9FE28700BF0EA4 /* Base */,
			);
			name = LaunchScreen.storyboard;
			sourceTree = "<group>";
		};
/* End PBXVariantGroup section */

/* Begin XCBuildConfiguration section */
		97518E811E9FE28700BF0EA4 /* Debug */ = {
			isa = XCBuildConfiguration;
			buildSettings = {
				ALWAYS_SEARCH_USER_PATHS = NO;
				CLANG_ANALYZER_NONNULL = YES;
				CLANG_ANALYZER_NUMBER_OBJECT_CONVERSION = YES_AGGRESSIVE;
				CLANG_CXX_LANGUAGE_STANDARD = "gnu++0x";
				CLANG_CXX_LIBRARY = "libc++";
				CLANG_ENABLE_MODULES = YES;
				CLANG_ENABLE_OBJC_ARC = YES;
				CLANG_WARN_BOOL_CONVERSION = YES;
				CLANG_WARN_CONSTANT_CONVERSION = YES;
				CLANG_WARN_DIRECT_OBJC_ISA_USAGE = YES_ERROR;
				CLANG_WARN_DOCUMENTATION_COMMENTS = YES;
				CLANG_WARN_EMPTY_BODY = YES;
				CLANG_WARN_ENUM_CONVERSION = YES;
				CLANG_WARN_INFINITE_RECURSION = YES;
				CLANG_WARN_INT_CONVERSION = YES;
				CLANG_WARN_OBJC_ROOT_CLASS = YES_ERROR;
				CLANG_WARN_SUSPICIOUS_MOVE = YES;
				CLANG_WARN_UNREACHABLE_CODE = YES;
				CLANG_WARN__DUPLICATE_METHOD_MATCH = YES;
				"CODE_SIGN_IDENTITY[sdk=iphoneos*]" = "iPhone Developer";
				COPY_PHASE_STRIP = NO;
				DEBUG_INFORMATION_FORMAT = dwarf;
				ENABLE_STRICT_OBJC_MSGSEND = YES;
				ENABLE_TESTABILITY = YES;
				GCC_C_LANGUAGE_STANDARD = gnu99;
				GCC_DYNAMIC_NO_PIC = NO;
				GCC_NO_COMMON_BLOCKS = YES;
				GCC_OPTIMIZATION_LEVEL = 0;
				GCC_PREPROCESSOR_DEFINITIONS = (
					"DEBUG=1",
					"$(inherited)",
				);
				GCC_WARN_64_TO_32_BIT_CONVERSION = YES;
				GCC_WARN_ABOUT_RETURN_TYPE = YES_ERROR;
				GCC_WARN_UNDECLARED_SELECTOR = YES;
				GCC_WARN_UNINITIALIZED_AUTOS = YES_AGGRESSIVE;
				GCC_WARN_UNUSED_FUNCTION = YES;
				GCC_WARN_UNUSED_VARIABLE = YES;
				IPHONEOS_DEPLOYMENT_TARGET = 10.3;
				MTL_ENABLE_DEBUG_INFO = YES;
				ONLY_ACTIVE_ARCH = YES;
				SDKROOT = iphoneos;
				SWIFT_ACTIVE_COMPILATION_CONDITIONS = DEBUG;
				SWIFT_OPTIMIZATION_LEVEL = "-Onone";
			};
			name = Debug;
		};
		97518E821E9FE28700BF0EA4 /* Release */ = {
			isa = XCBuildConfiguration;
			buildSettings = {
				ALWAYS_SEARCH_USER_PATHS = NO;
				CLANG_ANALYZER_NONNULL = YES;
				CLANG_ANALYZER_NUMBER_OBJECT_CONVERSION = YES_AGGRESSIVE;
				CLANG_CXX_LANGUAGE_STANDARD = "gnu++0x";
				CLANG_CXX_LIBRARY = "libc++";
				CLANG_ENABLE_MODULES = YES;
				CLANG_ENABLE_OBJC_ARC = YES;
				CLANG_WARN_BOOL_CONVERSION = YES;
				CLANG_WARN_CONSTANT_CONVERSION = YES;
				CLANG_WARN_DIRECT_OBJC_ISA_USAGE = YES_ERROR;
				CLANG_WARN_DOCUMENTATION_COMMENTS = YES;
				CLANG_WARN_EMPTY_BODY = YES;
				CLANG_WARN_ENUM_CONVERSION = YES;
				CLANG_WARN_INFINITE_RECURSION = YES;
				CLANG_WARN_INT_CONVERSION = YES;
				CLANG_WARN_OBJC_ROOT_CLASS = YES_ERROR;
				CLANG_WARN_SUSPICIOUS_MOVE = YES;
				CLANG_WARN_UNREACHABLE_CODE = YES;
				CLANG_WARN__DUPLICATE_METHOD_MATCH = YES;
				"CODE_SIGN_IDENTITY[sdk=iphoneos*]" = "iPhone Developer";
				COPY_PHASE_STRIP = NO;
				DEBUG_INFORMATION_FORMAT = "dwarf-with-dsym";
				ENABLE_NS_ASSERTIONS = NO;
				ENABLE_STRICT_OBJC_MSGSEND = YES;
				GCC_C_LANGUAGE_STANDARD = gnu99;
				GCC_NO_COMMON_BLOCKS = YES;
				GCC_WARN_64_TO_32_BIT_CONVERSION = YES;
				GCC_WARN_ABOUT_RETURN_TYPE = YES_ERROR;
				GCC_WARN_UNDECLARED_SELECTOR = YES;
				GCC_WARN_UNINITIALIZED_AUTOS = YES_AGGRESSIVE;
				GCC_WARN_UNUSED_FUNCTION = YES;
				GCC_WARN_UNUSED_VARIABLE = YES;
				IPHONEOS_DEPLOYMENT_TARGET = 10.3;
				MTL_ENABLE_DEBUG_INFO = NO;
				SDKROOT = iphoneos;
				SWIFT_OPTIMIZATION_LEVEL = "-Owholemodule";
				VALIDATE_PRODUCT = YES;
			};
			name = Release;
		};
		97518E841E9FE28700BF0EA4 /* Debug */ = {
			isa = XCBuildConfiguration;
			buildSettings = {
				ASSETCATALOG_COMPILER_APPICON_NAME = AppIcon;
				INFOPLIST_FILE = "NPF-3/Info.plist";
				LD_RUNPATH_SEARCH_PATHS = "$(inherited) @executable_path/Frameworks";
				PRODUCT_BUNDLE_IDENTIFIER = "Payal.NPF-3";
				PRODUCT_NAME = "$(TARGET_NAME)";
				SWIFT_VERSION = 3.0;
			};
			name = Debug;
		};
		97518E851E9FE28700BF0EA4 /* Release */ = {
			isa = XCBuildConfiguration;
			buildSettings = {
				ASSETCATALOG_COMPILER_APPICON_NAME = AppIcon;
				INFOPLIST_FILE = "NPF-3/Info.plist";
				LD_RUNPATH_SEARCH_PATHS = "$(inherited) @executable_path/Frameworks";
				PRODUCT_BUNDLE_IDENTIFIER = "Payal.NPF-3";
				PRODUCT_NAME = "$(TARGET_NAME)";
				SWIFT_VERSION = 3.0;
			};
			name = Release;
		};
/* End XCBuildConfiguration section */

/* Begin XCConfigurationList section */
		97518E6C1E9FE28700BF0EA4 /* Build configuration list for PBXProject "NPF-3" */ = {
			isa = XCConfigurationList;
			buildConfigurations = (
				97518E811E9FE28700BF0EA4 /* Debug */,
				97518E821E9FE28700BF0EA4 /* Release */,
			);
			defaultConfigurationIsVisible = 0;
			defaultConfigurationName = Release;
		};
		97518E831E9FE28700BF0EA4 /* Build configuration list for PBXNativeTarget "NPF-3" */ = {
			isa = XCConfigurationList;
			buildConfigurations = (
				97518E841E9FE28700BF0EA4 /* Debug */,
				97518E851E9FE28700BF0EA4 /* Release */,
			);
			defaultConfigurationIsVisible = 0;
			defaultConfigurationName = Release;
		};
/* End XCConfigurationList section */
	};
	rootObject = 97518E691E9FE28700BF0EA4 /* Project object */;
}
